{
  "name": "tr1",
  "lockfileVersion": 2,
  "requires": true,
  "packages": {
    "": {
      "dependencies": {
        "nest": "^0.1.6"
      }
    },
    "node_modules/nest": {
      "version": "0.1.6",
      "resolved": "https://registry.npmjs.org/nest/-/nest-0.1.6.tgz",
      "integrity": "sha512-21378J/6pHB9EZMId5yz9DaxVj778pCHhzfXhRLLrLWZydpLgbsyxL5B5QyTSWJBk5L8XbiGgMvNZMb/qBySYg==",
      "engines": {
        "node": "*"
      }
    }
  },
  "dependencies": {
    "nest": {
      "version": "0.1.6",
      "resolved": "https://registry.npmjs.org/nest/-/nest-0.1.6.tgz",
      "integrity": "sha512-21378J/6pHB9EZMId5yz9DaxVj778pCHhzfXhRLLrLWZydpLgbsyxL5B5QyTSWJBk5L8XbiGgMvNZMb/qBySYg=="
    }
  }
}
